
Microsoft Visual Studio Solution File, Format Version 12.00
# Visual Studio Version 16
VisualStudioVersion = 16.0.31729.503
MinimumVisualStudioVersion = 10.0.40219.1
Project("{FAE04EC0-301F-11D3-BF4B-00C04F79EFBC}") = "Diziler1", "Diziler1\Diziler1.csproj", "{22402E85-AE88-4F46-BFE5-F49B68903DA7}"
EndProject
Global
	GlobalSection(SolutionConfigurationPlatforms) = preSolution
		Debug|Any CPU = Debug|Any CPU
		Release|Any CPU = Release|Any CPU
	EndGlobalSection
	GlobalSection(ProjectConfigurationPlatforms) = postSolution
		{22402E85-AE88-4F46-BFE5-F49B68903DA7}.Debug|Any CPU.ActiveCfg = Debug|Any CPU
		{22402E85-AE88-4F46-BFE5-F49B68903DA7}.Debug|Any CPU.Build.0 = Debug|Any CPU
		{22402E85-AE88-4F46-BFE5-F49B68903DA7}.Release|Any CPU.ActiveCfg = Release|Any CPU
		{22402E85-AE88-4F46-BFE5-F49B68903DA7}.Release|Any CPU.Build.0 = Release|Any CPU
	EndGlobalSection
	GlobalSection(SolutionProperties) = preSolution
		HideSolutionNode = FALSE
	EndGlobalSection
	GlobalSection(ExtensibilityGlobals) = postSolution
		SolutionGuid = {724A203B-FA92-49F1-89FC-B9641C6FA6CE}
	EndGlobalSection
EndGlobal
