
Microsoft Visual Studio Solution File, Format Version 12.00
# Visual Studio Version 16
VisualStudioVersion = 16.0.31911.196
MinimumVisualStudioVersion = 10.0.40219.1
Project("{FAE04EC0-301F-11D3-BF4B-00C04F79EFBC}") = "sadievrensekerders", "ConsoleApp7\sadievrensekerders.csproj", "{FCB8C96D-5FF4-4B50-AE7A-DB0FA97B98BE}"
EndProject
Project("{FAE04EC0-301F-11D3-BF4B-00C04F79EFBC}") = "sadievrensekerders2", "sadievrensekerders2\sadievrensekerders2.csproj", "{42F5C057-3F70-4F5B-9E30-3BCE8C5BDD91}"
EndProject
Project("{FAE04EC0-301F-11D3-BF4B-00C04F79EFBC}") = "sadievrensekerders3", "sadievrensekerders3\sadievrensekerders3.csproj", "{23D030B7-4A58-421F-B1F7-D0385E751C57}"
EndProject
Global
	GlobalSection(SolutionConfigurationPlatforms) = preSolution
		Debug|Any CPU = Debug|Any CPU
		Release|Any CPU = Release|Any CPU
	EndGlobalSection
	GlobalSection(ProjectConfigurationPlatforms) = postSolution
		{FCB8C96D-5FF4-4B50-AE7A-DB0FA97B98BE}.Debug|Any CPU.ActiveCfg = Debug|Any CPU
		{FCB8C96D-5FF4-4B50-AE7A-DB0FA97B98BE}.Debug|Any CPU.Build.0 = Debug|Any CPU
		{FCB8C96D-5FF4-4B50-AE7A-DB0FA97B98BE}.Release|Any CPU.ActiveCfg = Release|Any CPU
		{FCB8C96D-5FF4-4B50-AE7A-DB0FA97B98BE}.Release|Any CPU.Build.0 = Release|Any CPU
		{42F5C057-3F70-4F5B-9E30-3BCE8C5BDD91}.Debug|Any CPU.ActiveCfg = Debug|Any CPU
		{42F5C057-3F70-4F5B-9E30-3BCE8C5BDD91}.Debug|Any CPU.Build.0 = Debug|Any CPU
		{42F5C057-3F70-4F5B-9E30-3BCE8C5BDD91}.Release|Any CPU.ActiveCfg = Release|Any CPU
		{42F5C057-3F70-4F5B-9E30-3BCE8C5BDD91}.Release|Any CPU.Build.0 = Release|Any CPU
		{23D030B7-4A58-421F-B1F7-D0385E751C57}.Debug|Any CPU.ActiveCfg = Debug|Any CPU
		{23D030B7-4A58-421F-B1F7-D0385E751C57}.Debug|Any CPU.Build.0 = Debug|Any CPU
		{23D030B7-4A58-421F-B1F7-D0385E751C57}.Release|Any CPU.ActiveCfg = Release|Any CPU
		{23D030B7-4A58-421F-B1F7-D0385E751C57}.Release|Any CPU.Build.0 = Release|Any CPU
	EndGlobalSection
	GlobalSection(SolutionProperties) = preSolution
		HideSolutionNode = FALSE
	EndGlobalSection
	GlobalSection(ExtensibilityGlobals) = postSolution
		SolutionGuid = {A0D2EE98-4470-4632-BF70-3D26E2FE93B2}
	EndGlobalSection
EndGlobal
