
Microsoft Visual Studio Solution File, Format Version 12.00
# Visual Studio Version 16
VisualStudioVersion = 16.0.31729.503
MinimumVisualStudioVersion = 10.0.40219.1
Project("{FAE04EC0-301F-11D3-BF4B-00C04F79EFBC}") = "ders1", "ders1\ders1.csproj", "{AA20634C-ACAD-4FE8-A0B9-B214B1206E76}"
EndProject
Global
	GlobalSection(SolutionConfigurationPlatforms) = preSolution
		Debug|Any CPU = Debug|Any CPU
		Release|Any CPU = Release|Any CPU
	EndGlobalSection
	GlobalSection(ProjectConfigurationPlatforms) = postSolution
		{AA20634C-ACAD-4FE8-A0B9-B214B1206E76}.Debug|Any CPU.ActiveCfg = Debug|Any CPU
		{AA20634C-ACAD-4FE8-A0B9-B214B1206E76}.Debug|Any CPU.Build.0 = Debug|Any CPU
		{AA20634C-ACAD-4FE8-A0B9-B214B1206E76}.Release|Any CPU.ActiveCfg = Release|Any CPU
		{AA20634C-ACAD-4FE8-A0B9-B214B1206E76}.Release|Any CPU.Build.0 = Release|Any CPU
	EndGlobalSection
	GlobalSection(SolutionProperties) = preSolution
		HideSolutionNode = FALSE
	EndGlobalSection
	GlobalSection(ExtensibilityGlobals) = postSolution
		SolutionGuid = {5CBC904F-BA39-493C-9ADD-ED76CBB986CB}
	EndGlobalSection
EndGlobal
