
Microsoft Visual Studio Solution File, Format Version 12.00
# Visual Studio Version 16
VisualStudioVersion = 16.0.31729.503
MinimumVisualStudioVersion = 10.0.40219.1
Project("{FAE04EC0-301F-11D3-BF4B-00C04F79EFBC}") = "ConsoleApp2", "ConsoleApp2\ConsoleApp2.csproj", "{E3CD828A-2761-4A48-96BB-B7C353859CEC}"
EndProject
Global
	GlobalSection(SolutionConfigurationPlatforms) = preSolution
		Debug|Any CPU = Debug|Any CPU
		Release|Any CPU = Release|Any CPU
	EndGlobalSection
	GlobalSection(ProjectConfigurationPlatforms) = postSolution
		{E3CD828A-2761-4A48-96BB-B7C353859CEC}.Debug|Any CPU.ActiveCfg = Debug|Any CPU
		{E3CD828A-2761-4A48-96BB-B7C353859CEC}.Debug|Any CPU.Build.0 = Debug|Any CPU
		{E3CD828A-2761-4A48-96BB-B7C353859CEC}.Release|Any CPU.ActiveCfg = Release|Any CPU
		{E3CD828A-2761-4A48-96BB-B7C353859CEC}.Release|Any CPU.Build.0 = Release|Any CPU
	EndGlobalSection
	GlobalSection(SolutionProperties) = preSolution
		HideSolutionNode = FALSE
	EndGlobalSection
	GlobalSection(ExtensibilityGlobals) = postSolution
		SolutionGuid = {62AB8103-A380-4300-BF13-0946FA9A3F46}
	EndGlobalSection
EndGlobal
