
Microsoft Visual Studio Solution File, Format Version 12.00
# Visual Studio Version 16
VisualStudioVersion = 16.0.32002.261
MinimumVisualStudioVersion = 10.0.40219.1
Project("{FAE04EC0-301F-11D3-BF4B-00C04F79EFBC}") = "29_12_21", "29_12_21\29_12_21.csproj", "{F647CCFD-4044-40E7-9F42-18D4F7CE5A44}"
EndProject
Project("{FAE04EC0-301F-11D3-BF4B-00C04F79EFBC}") = "uyg_2", "uyg_2\uyg_2.csproj", "{34A119DD-A853-43C7-905D-B119BEA3077E}"
EndProject
Project("{FAE04EC0-301F-11D3-BF4B-00C04F79EFBC}") = "uyg_3", "uyg_3\uyg_3.csproj", "{6D6E75C1-F23E-47AA-930D-4BAE94C8253B}"
EndProject
Project("{FAE04EC0-301F-11D3-BF4B-00C04F79EFBC}") = "uyg_4", "uyg_4\uyg_4.csproj", "{1065A038-C1AD-4FC5-A45A-F243644191A2}"
EndProject
Project("{FAE04EC0-301F-11D3-BF4B-00C04F79EFBC}") = "uyg_5", "uyg_5\uyg_5.csproj", "{FFFCCA82-AD22-437A-85E3-86CA97F6E983}"
EndProject
Global
	GlobalSection(SolutionConfigurationPlatforms) = preSolution
		Debug|Any CPU = Debug|Any CPU
		Release|Any CPU = Release|Any CPU
	EndGlobalSection
	GlobalSection(ProjectConfigurationPlatforms) = postSolution
		{F647CCFD-4044-40E7-9F42-18D4F7CE5A44}.Debug|Any CPU.ActiveCfg = Debug|Any CPU
		{F647CCFD-4044-40E7-9F42-18D4F7CE5A44}.Debug|Any CPU.Build.0 = Debug|Any CPU
		{F647CCFD-4044-40E7-9F42-18D4F7CE5A44}.Release|Any CPU.ActiveCfg = Release|Any CPU
		{F647CCFD-4044-40E7-9F42-18D4F7CE5A44}.Release|Any CPU.Build.0 = Release|Any CPU
		{34A119DD-A853-43C7-905D-B119BEA3077E}.Debug|Any CPU.ActiveCfg = Debug|Any CPU
		{34A119DD-A853-43C7-905D-B119BEA3077E}.Debug|Any CPU.Build.0 = Debug|Any CPU
		{34A119DD-A853-43C7-905D-B119BEA3077E}.Release|Any CPU.ActiveCfg = Release|Any CPU
		{34A119DD-A853-43C7-905D-B119BEA3077E}.Release|Any CPU.Build.0 = Release|Any CPU
		{6D6E75C1-F23E-47AA-930D-4BAE94C8253B}.Debug|Any CPU.ActiveCfg = Debug|Any CPU
		{6D6E75C1-F23E-47AA-930D-4BAE94C8253B}.Debug|Any CPU.Build.0 = Debug|Any CPU
		{6D6E75C1-F23E-47AA-930D-4BAE94C8253B}.Release|Any CPU.ActiveCfg = Release|Any CPU
		{6D6E75C1-F23E-47AA-930D-4BAE94C8253B}.Release|Any CPU.Build.0 = Release|Any CPU
		{1065A038-C1AD-4FC5-A45A-F243644191A2}.Debug|Any CPU.ActiveCfg = Debug|Any CPU
		{1065A038-C1AD-4FC5-A45A-F243644191A2}.Debug|Any CPU.Build.0 = Debug|Any CPU
		{1065A038-C1AD-4FC5-A45A-F243644191A2}.Release|Any CPU.ActiveCfg = Release|Any CPU
		{1065A038-C1AD-4FC5-A45A-F243644191A2}.Release|Any CPU.Build.0 = Release|Any CPU
		{FFFCCA82-AD22-437A-85E3-86CA97F6E983}.Debug|Any CPU.ActiveCfg = Debug|Any CPU
		{FFFCCA82-AD22-437A-85E3-86CA97F6E983}.Debug|Any CPU.Build.0 = Debug|Any CPU
		{FFFCCA82-AD22-437A-85E3-86CA97F6E983}.Release|Any CPU.ActiveCfg = Release|Any CPU
		{FFFCCA82-AD22-437A-85E3-86CA97F6E983}.Release|Any CPU.Build.0 = Release|Any CPU
	EndGlobalSection
	GlobalSection(SolutionProperties) = preSolution
		HideSolutionNode = FALSE
	EndGlobalSection
	GlobalSection(ExtensibilityGlobals) = postSolution
		SolutionGuid = {9C8563A1-7656-4173-82A5-5C87930EE197}
	EndGlobalSection
EndGlobal
