
Microsoft Visual Studio Solution File, Format Version 12.00
# Visual Studio Version 16
VisualStudioVersion = 16.0.31911.196
MinimumVisualStudioVersion = 10.0.40219.1
Project("{FAE04EC0-301F-11D3-BF4B-00C04F79EFBC}") = "Ders24_11_21", "Ders24_11_21\Ders24_11_21.csproj", "{7744A260-C491-4F49-8089-760794DCEEEC}"
EndProject
Global
	GlobalSection(SolutionConfigurationPlatforms) = preSolution
		Debug|Any CPU = Debug|Any CPU
		Release|Any CPU = Release|Any CPU
	EndGlobalSection
	GlobalSection(ProjectConfigurationPlatforms) = postSolution
		{7744A260-C491-4F49-8089-760794DCEEEC}.Debug|Any CPU.ActiveCfg = Debug|Any CPU
		{7744A260-C491-4F49-8089-760794DCEEEC}.Debug|Any CPU.Build.0 = Debug|Any CPU
		{7744A260-C491-4F49-8089-760794DCEEEC}.Release|Any CPU.ActiveCfg = Release|Any CPU
		{7744A260-C491-4F49-8089-760794DCEEEC}.Release|Any CPU.Build.0 = Release|Any CPU
	EndGlobalSection
	GlobalSection(SolutionProperties) = preSolution
		HideSolutionNode = FALSE
	EndGlobalSection
	GlobalSection(ExtensibilityGlobals) = postSolution
		SolutionGuid = {5783487C-6024-44D1-8D4A-93F2516B7E87}
	EndGlobalSection
EndGlobal
