
Microsoft Visual Studio Solution File, Format Version 12.00
# Visual Studio Version 16
VisualStudioVersion = 16.0.33529.622
MinimumVisualStudioVersion = 10.0.40219.1
Project("{FAE04EC0-301F-11D3-BF4B-00C04F79EFBC}") = "algoritma_odev", "algoritma_odev\algoritma_odev.csproj", "{3B8EFE68-4987-4774-AC24-4E4F7176DA0F}"
EndProject
Global
	GlobalSection(SolutionConfigurationPlatforms) = preSolution
		Debug|Any CPU = Debug|Any CPU
		Release|Any CPU = Release|Any CPU
	EndGlobalSection
	GlobalSection(ProjectConfigurationPlatforms) = postSolution
		{3B8EFE68-4987-4774-AC24-4E4F7176DA0F}.Debug|Any CPU.ActiveCfg = Debug|Any CPU
		{3B8EFE68-4987-4774-AC24-4E4F7176DA0F}.Debug|Any CPU.Build.0 = Debug|Any CPU
		{3B8EFE68-4987-4774-AC24-4E4F7176DA0F}.Release|Any CPU.ActiveCfg = Release|Any CPU
		{3B8EFE68-4987-4774-AC24-4E4F7176DA0F}.Release|Any CPU.Build.0 = Release|Any CPU
	EndGlobalSection
	GlobalSection(SolutionProperties) = preSolution
		HideSolutionNode = FALSE
	EndGlobalSection
	GlobalSection(ExtensibilityGlobals) = postSolution
		SolutionGuid = {D77924D0-01EA-46E7-B0C3-34D21031A085}
	EndGlobalSection
EndGlobal
