
Microsoft Visual Studio Solution File, Format Version 12.00
# Visual Studio Version 16
VisualStudioVersion = 16.0.32002.261
MinimumVisualStudioVersion = 10.0.40219.1
Project("{FAE04EC0-301F-11D3-BF4B-00C04F79EFBC}") = "27_12_21", "27_12_21\27_12_21.csproj", "{C9F9A0E6-9397-4457-9D60-C032F5239718}"
EndProject
Global
	GlobalSection(SolutionConfigurationPlatforms) = preSolution
		Debug|Any CPU = Debug|Any CPU
		Release|Any CPU = Release|Any CPU
	EndGlobalSection
	GlobalSection(ProjectConfigurationPlatforms) = postSolution
		{C9F9A0E6-9397-4457-9D60-C032F5239718}.Debug|Any CPU.ActiveCfg = Debug|Any CPU
		{C9F9A0E6-9397-4457-9D60-C032F5239718}.Debug|Any CPU.Build.0 = Debug|Any CPU
		{C9F9A0E6-9397-4457-9D60-C032F5239718}.Release|Any CPU.ActiveCfg = Release|Any CPU
		{C9F9A0E6-9397-4457-9D60-C032F5239718}.Release|Any CPU.Build.0 = Release|Any CPU
	EndGlobalSection
	GlobalSection(SolutionProperties) = preSolution
		HideSolutionNode = FALSE
	EndGlobalSection
	GlobalSection(ExtensibilityGlobals) = postSolution
		SolutionGuid = {11F8CC66-833A-4BE9-AF06-AFFB549192DF}
	EndGlobalSection
EndGlobal
