
Microsoft Visual Studio Solution File, Format Version 12.00
# Visual Studio Version 16
VisualStudioVersion = 16.0.32106.194
MinimumVisualStudioVersion = 10.0.40219.1
Project("{FAE04EC0-301F-11D3-BF4B-00C04F79EFBC}") = "ConsoleApp11", "ConsoleApp11\ConsoleApp11.csproj", "{832208CB-D6F1-4F06-AD68-0DE2DA5B0286}"
EndProject
Global
	GlobalSection(SolutionConfigurationPlatforms) = preSolution
		Debug|Any CPU = Debug|Any CPU
		Release|Any CPU = Release|Any CPU
	EndGlobalSection
	GlobalSection(ProjectConfigurationPlatforms) = postSolution
		{832208CB-D6F1-4F06-AD68-0DE2DA5B0286}.Debug|Any CPU.ActiveCfg = Debug|Any CPU
		{832208CB-D6F1-4F06-AD68-0DE2DA5B0286}.Debug|Any CPU.Build.0 = Debug|Any CPU
		{832208CB-D6F1-4F06-AD68-0DE2DA5B0286}.Release|Any CPU.ActiveCfg = Release|Any CPU
		{832208CB-D6F1-4F06-AD68-0DE2DA5B0286}.Release|Any CPU.Build.0 = Release|Any CPU
	EndGlobalSection
	GlobalSection(SolutionProperties) = preSolution
		HideSolutionNode = FALSE
	EndGlobalSection
	GlobalSection(ExtensibilityGlobals) = postSolution
		SolutionGuid = {DECDD615-8727-4250-9729-E92644F8FB49}
	EndGlobalSection
EndGlobal
